
Microsoft Visual Studio Solution File, Format Version 12.00
# Visual Studio 14
VisualStudioVersion = 14.0.25420.1
MinimumVisualStudioVersion = 10.0.40219.1
Project("{F184B08F-C81C-45F6-A57F-5ABD9991F28F}") = "Soundlet", "Soundlet.vbproj", "{EB7B8A30-0B94-44CF-BEE2-27CE3A3031C8}"
EndProject
Global
	GlobalSection(SolutionConfigurationPlatforms) = preSolution
		Debug|x86 = Debug|x86
		Release|x86 = Release|x86
	EndGlobalSection
	GlobalSection(ProjectConfigurationPlatforms) = postSolution
		{EB7B8A30-0B94-44CF-BEE2-27CE3A3031C8}.Debug|x86.ActiveCfg = Debug|x86
		{EB7B8A30-0B94-44CF-BEE2-27CE3A3031C8}.Debug|x86.Build.0 = Debug|x86
		{EB7B8A30-0B94-44CF-BEE2-27CE3A3031C8}.Release|x86.ActiveCfg = Release|x86
		{EB7B8A30-0B94-44CF-BEE2-27CE3A3031C8}.Release|x86.Build.0 = Release|x86
	EndGlobalSection
	GlobalSection(SolutionProperties) = preSolution
		HideSolutionNode = FALSE
	EndGlobalSection
EndGlobal
